
Microsoft Visual Studio Solution File, Format Version 12.00
# Visual Studio Version 17
VisualStudioVersion = 17.1.32210.238
MinimumVisualStudioVersion = 10.0.40219.1
Project("{FAE04EC0-301F-11D3-BF4B-00C04F79EFBC}") = "Featherline", "Featherline.csproj", "{42515554-EFF3-4BE0-A5D7-0D8E66DAD850}"
EndProject
Global
	GlobalSection(SolutionConfigurationPlatforms) = preSolution
		Debug|Any CPU = Debug|Any CPU
		Release|Any CPU = Release|Any CPU
	EndGlobalSection
	GlobalSection(ProjectConfigurationPlatforms) = postSolution
		{42515554-EFF3-4BE0-A5D7-0D8E66DAD850}.Debug|Any CPU.ActiveCfg = Debug|Any CPU
		{42515554-EFF3-4BE0-A5D7-0D8E66DAD850}.Debug|Any CPU.Build.0 = Debug|Any CPU
		{42515554-EFF3-4BE0-A5D7-0D8E66DAD850}.Release|Any CPU.ActiveCfg = Release|Any CPU
		{42515554-EFF3-4BE0-A5D7-0D8E66DAD850}.Release|Any CPU.Build.0 = Release|Any CPU
	EndGlobalSection
	GlobalSection(SolutionProperties) = preSolution
		HideSolutionNode = FALSE
	EndGlobalSection
	GlobalSection(ExtensibilityGlobals) = postSolution
		SolutionGuid = {ABD58E4E-FD0B-4991-B784-6F9B7C1B2BFE}
	EndGlobalSection
EndGlobal
